<Solution>
  <Folder Name="/Feature/">
    <Project Path="../src/Feature/Components/Feature.Components/Feature.Components.csproj" Id="317988d8-b10e-4cd7-9a04-20ffda743eca" />
  </Folder>
  <Folder Name="/Foundation/">
    <Project Path="../src/Foundation/Orm/Foundation.Orm/Foundation.Orm.csproj" Id="f10b8353-4a91-48e7-8396-b0e5a1a0a4c3" />
    <Project Path="../src/Foundation/SerializationUnicorn/Foundation.SerializationUnicorn/Foundation.SerializationUnicorn.csproj" Id="c51d9486-0379-40f9-a5bc-c5c68c90c90a" />
    <Project Path="../src/Foundation/SitecoreExtensions/Foundation.SitecoreExtensions/Foundation.SitecoreExtensions.csproj" Id="5e4efbe2-4608-4127-87af-936730fee5f7" />
    <Project Path="../src/Foundation/Theming/Foundation.Theming/Foundation.Theming.csproj" Id="84cdb370-90ea-4892-8519-04e656c8a7dc" />
  </Folder>
  <Folder Name="/Project/">
    <Project Path="../src/Project/DemoSite/Project.DemoSite/Project.DemoSite.csproj" Id="4523707a-e011-4001-acac-6f37ea339253" />
  </Folder>
</Solution>
